
Microsoft Visual Studio Solution File, Format Version 12.00
# Visual Studio Version 16
VisualStudioVersion = 16.0.30413.136
MinimumVisualStudioVersion = 10.0.40219.1
Project("{FAE04EC0-301F-11D3-BF4B-00C04F79EFBC}") = "HBRPractica", "HBRPractica\HBRPractica.csproj", "{9F543B50-579A-4BFA-843E-DCA96D2FA96B}"
EndProject
Global
	GlobalSection(SolutionConfigurationPlatforms) = preSolution
		Debug|Any CPU = Debug|Any CPU
		Release|Any CPU = Release|Any CPU
	EndGlobalSection
	GlobalSection(ProjectConfigurationPlatforms) = postSolution
		{9F543B50-579A-4BFA-843E-DCA96D2FA96B}.Debug|Any CPU.ActiveCfg = Debug|Any CPU
		{9F543B50-579A-4BFA-843E-DCA96D2FA96B}.Debug|Any CPU.Build.0 = Debug|Any CPU
		{9F543B50-579A-4BFA-843E-DCA96D2FA96B}.Release|Any CPU.ActiveCfg = Release|Any CPU
		{9F543B50-579A-4BFA-843E-DCA96D2FA96B}.Release|Any CPU.Build.0 = Release|Any CPU
	EndGlobalSection
	GlobalSection(SolutionProperties) = preSolution
		HideSolutionNode = FALSE
	EndGlobalSection
	GlobalSection(ExtensibilityGlobals) = postSolution
		SolutionGuid = {2B8C6BBE-D82A-4BD7-A2BC-D5624D6347B2}
	EndGlobalSection
EndGlobal
